
Microsoft Visual Studio Solution File, Format Version 12.00
# Visual Studio 2012
Project("{FAE04EC0-301F-11D3-BF4B-00C04F79EFBC}") = "htmlTest", "htmlTest\htmlTest.csproj", "{24298C6D-A259-4F94-8FE0-8C1E14B198E1}"
EndProject
Project("{FAE04EC0-301F-11D3-BF4B-00C04F79EFBC}") = "MobileHtmlAgilityPack", "E:\__Android\570717\Xamarin\Moyeu-master\MobileHtmlAgilityPack\MobileHtmlAgilityPack.csproj", "{D91DC8A9-454E-4CB9-96BE-19652A67D0A4}"
EndProject
Global
	GlobalSection(SolutionConfigurationPlatforms) = preSolution
		Debug|Any CPU = Debug|Any CPU
		Release|Any CPU = Release|Any CPU
	EndGlobalSection
	GlobalSection(ProjectConfigurationPlatforms) = postSolution
		{24298C6D-A259-4F94-8FE0-8C1E14B198E1}.Debug|Any CPU.ActiveCfg = Debug|Any CPU
		{24298C6D-A259-4F94-8FE0-8C1E14B198E1}.Debug|Any CPU.Build.0 = Debug|Any CPU
		{24298C6D-A259-4F94-8FE0-8C1E14B198E1}.Debug|Any CPU.Deploy.0 = Debug|Any CPU
		{24298C6D-A259-4F94-8FE0-8C1E14B198E1}.Release|Any CPU.ActiveCfg = Release|Any CPU
		{24298C6D-A259-4F94-8FE0-8C1E14B198E1}.Release|Any CPU.Build.0 = Release|Any CPU
		{24298C6D-A259-4F94-8FE0-8C1E14B198E1}.Release|Any CPU.Deploy.0 = Release|Any CPU
		{D91DC8A9-454E-4CB9-96BE-19652A67D0A4}.Debug|Any CPU.ActiveCfg = Debug|Any CPU
		{D91DC8A9-454E-4CB9-96BE-19652A67D0A4}.Debug|Any CPU.Build.0 = Debug|Any CPU
		{D91DC8A9-454E-4CB9-96BE-19652A67D0A4}.Release|Any CPU.ActiveCfg = Release|Any CPU
		{D91DC8A9-454E-4CB9-96BE-19652A67D0A4}.Release|Any CPU.Build.0 = Release|Any CPU
	EndGlobalSection
	GlobalSection(SolutionProperties) = preSolution
		HideSolutionNode = FALSE
	EndGlobalSection
EndGlobal
